// !$*UTF8*$!
{
	archiveVersion = 1;
	classes = {
	};
	objectVersion = 50;
	objects = {

/* Begin PBXBuildFile section */
		04CD312822BA74AC004FADDB /* AppDelegate.swift in Sources */ = {isa = PBXBuildFile; fileRef = 04CD312722BA74AC004FADDB /* AppDelegate.swift */; };
		04CD312A22BA74AC004FADDB /* ViewController.swift in Sources */ = {isa = PBXBuildFile; fileRef = 04CD312922BA74AC004FADDB /* ViewController.swift */; };
		04CD312D22BA74AC004FADDB /* Main.storyboard in Resources */ = {isa = PBXBuildFile; fileRef = 04CD312B22BA74AC004FADDB /* Main.storyboard */; };
		04CD312F22BA74AD004FADDB /* Assets.xcassets in Resources */ = {isa = PBXBuildFile; fileRef = 04CD312E22BA74AD004FADDB /* Assets.xcassets */; };
		04CD313222BA74AD004FADDB /* LaunchScreen.storyboard in Resources */ = {isa = PBXBuildFile; fileRef = 04CD313022BA74AD004FADDB /* LaunchScreen.storyboard */; };
		04CD313A22BA7837004FADDB /* LocaPushManager.swift in Sources */ = {isa = PBXBuildFile; fileRef = 04CD313922BA7837004FADDB /* LocaPushManager.swift */; };
/* End PBXBuildFile section */

/* Begin PBXFileReference section */
		04CD312422BA74AC004FADDB /* Demo pushNotification.app */ = {isa = PBXFileReference; explicitFileType = wrapper.application; includeInIndex = 0; path = "Demo pushNotification.app"; sourceTree = BUILT_PRODUCTS_DIR; };
		04CD312722BA74AC004FADDB /* AppDelegate.swift */ = {isa = PBXFileReference; lastKnownFileType = sourcecode.swift; path = AppDelegate.swift; sourceTree = "<group>"; };
		04CD312922BA74AC004FADDB /* ViewController.swift */ = {isa = PBXFileReference; lastKnownFileType = sourcecode.swift; path = ViewController.swift; sourceTree = "<group>"; };
		04CD312C22BA74AC004FADDB /* Base */ = {isa = PBXFileReference; lastKnownFileType = file.storyboard; name = Base; path = Base.lproj/Main.storyboard; sourceTree = "<group>"; };
		04CD312E22BA74AD004FADDB /* Assets.xcassets */ = {isa = PBXFileReference; lastKnownFileType = folder.assetcatalog; path = Assets.xcassets; sourceTree = "<group>"; };
		04CD313122BA74AD004FADDB /* Base */ = {isa = PBXFileReference; lastKnownFileType = file.storyboard; name = Base; path = Base.lproj/LaunchScreen.storyboard; sourceTree = "<group>"; };
		04CD313322BA74AD004FADDB /* Info.plist */ = {isa = PBXFileReference; lastKnownFileType = text.plist.xml; path = Info.plist; sourceTree = "<group>"; };
		04CD313922BA7837004FADDB /* LocaPushManager.swift */ = {isa = PBXFileReference; lastKnownFileType = sourcecode.swift; path = LocaPushManager.swift; sourceTree = "<group>"; };
/* End PBXFileReference section */

/* Begin PBXFrameworksBuildPhase section */
		04CD312122BA74AC004FADDB /* Frameworks */ = {
			isa = PBXFrameworksBuildPhase;
			buildActionMask = 2147483647;
			files = (
			);
			runOnlyForDeploymentPostprocessing = 0;
		};
/* End PBXFrameworksBuildPhase section */

/* Begin PBXGroup section */
		04CD311B22BA74AC004FADDB = {
			isa = PBXGroup;
			children = (
				04CD312622BA74AC004FADDB /* Demo pushNotification */,
				04CD312522BA74AC004FADDB /* Products */,
			);
			sourceTree = "<group>";
		};
		04CD312522BA74AC004FADDB /* Products */ = {
			isa = PBXGroup;
			children = (
				04CD312422BA74AC004FADDB /* Demo pushNotification.app */,
			);
			name = Products;
			sourceTree = "<group>";
		};
		04CD312622BA74AC004FADDB /* Demo pushNotification */ = {
			isa = PBXGroup;
			children = (
				04CD312722BA74AC004FADDB /* AppDelegate.swift */,
				04CD312922BA74AC004FADDB /* ViewController.swift */,
				04CD313922BA7837004FADDB /* LocaPushManager.swift */,
				04CD312B22BA74AC004FADDB /* Main.storyboard */,
				04CD312E22BA74AD004FADDB /* Assets.xcassets */,
				04CD313022BA74AD004FADDB /* LaunchScreen.storyboard */,
				04CD313322BA74AD004FADDB /* Info.plist */,
			);
			path = "Demo pushNotification";
			sourceTree = "<group>";
		};
/* End PBXGroup section */

/* Begin PBXNativeTarget section */
		04CD312322BA74AC004FADDB /* Demo pushNotification */ = {
			isa = PBXNativeTarget;
			buildConfigurationList = 04CD313622BA74AD004FADDB /* Build configuration list for PBXNativeTarget "Demo pushNotification" */;
			buildPhases = (
				04CD312022BA74AC004FADDB /* Sources */,
				04CD312122BA74AC004FADDB /* Frameworks */,
				04CD312222BA74AC004FADDB /* Resources */,
			);
			buildRules = (
			);
			dependencies = (
			);
			name = "Demo pushNotification";
			productName = "Demo pushNotification";
			productReference = 04CD312422BA74AC004FADDB /* Demo pushNotification.app */;
			productType = "com.apple.product-type.application";
		};
/* End PBXNativeTarget section */

/* Begin PBXProject section */
		04CD311C22BA74AC004FADDB /* Project object */ = {
			isa = PBXProject;
			attributes = {
				LastSwiftUpdateCheck = 1020;
				LastUpgradeCheck = 1020;
				ORGANIZATIONNAME = "anh vu";
				TargetAttributes = {
					04CD312322BA74AC004FADDB = {
						CreatedOnToolsVersion = 10.2;
					};
				};
			};
			buildConfigurationList = 04CD311F22BA74AC004FADDB /* Build configuration list for PBXProject "Demo pushNotification" */;
			compatibilityVersion = "Xcode 9.3";
			developmentRegion = en;
			hasScannedForEncodings = 0;
			knownRegions = (
				en,
				Base,
			);
			mainGroup = 04CD311B22BA74AC004FADDB;
			productRefGroup = 04CD312522BA74AC004FADDB /* Products */;
			projectDirPath = "";
			projectRoot = "";
			targets = (
				04CD312322BA74AC004FADDB /* Demo pushNotification */,
			);
		};
/* End PBXProject section */

/* Begin PBXResourcesBuildPhase section */
		04CD312222BA74AC004FADDB /* Resources */ = {
			isa = PBXResourcesBuildPhase;
			buildActionMask = 2147483647;
			files = (
				04CD313222BA74AD004FADDB /* LaunchScreen.storyboard in Resources */,
				04CD312F22BA74AD004FADDB /* Assets.xcassets in Resources */,
				04CD312D22BA74AC004FADDB /* Main.storyboard in Resources */,
			);
			runOnlyForDeploymentPostprocessing = 0;
		};
/* End PBXResourcesBuildPhase section */

/* Begin PBXSourcesBuildPhase section */
		04CD312022BA74AC004FADDB /* Sources */ = {
			isa = PBXSourcesBuildPhase;
			buildActionMask = 2147483647;
			files = (
				04CD313A22BA7837004FADDB /* LocaPushManager.swift in Sources */,
				04CD312A22BA74AC004FADDB /* ViewController.swift in Sources */,
				04CD312822BA74AC004FADDB /* AppDelegate.swift in Sources */,
			);
			runOnlyForDeploymentPostprocessing = 0;
		};
/* End PBXSourcesBuildPhase section */

/* Begin PBXVariantGroup section */
		04CD312B22BA74AC004FADDB /* Main.storyboard */ = {
			isa = PBXVariantGroup;
			children = (
				04CD312C22BA74AC004FADDB /* Base */,
			);
			name = Main.storyboard;
			sourceTree = "<group>";
		};
		04CD313022BA74AD004FADDB /* LaunchScreen.storyboard */ = {
			isa = PBXVariantGroup;
			children = (
				04CD313122BA74AD004FADDB /* Base */,
			);
			name = LaunchScreen.storyboard;
			sourceTree = "<group>";
		};
/* End PBXVariantGroup section */

/* Begin XCBuildConfiguration section */
		04CD313422BA74AD004FADDB /* Debug */ = {
			isa = XCBuildConfiguration;
			buildSettings = {
				ALWAYS_SEARCH_USER_PATHS = NO;
				CLANG_ANALYZER_NONNULL = YES;
				CLANG_ANALYZER_NUMBER_OBJECT_CONVERSION = YES_AGGRESSIVE;
				CLANG_CXX_LANGUAGE_STANDARD = "gnu++14";
				CLANG_CXX_LIBRARY = "libc++";
				CLANG_ENABLE_MODULES = YES;
				CLANG_ENABLE_OBJC_ARC = YES;
				CLANG_ENABLE_OBJC_WEAK = YES;
				CLANG_WARN_BLOCK_CAPTURE_AUTORELEASING = YES;
				CLANG_WARN_BOOL_CONVERSION = YES;
				CLANG_WARN_COMMA = YES;
				CLANG_WARN_CONSTANT_CONVERSION = YES;
				CLANG_WARN_DEPRECATED_OBJC_IMPLEMENTATIONS = YES;
				CLANG_WARN_DIRECT_OBJC_ISA_USAGE = YES_ERROR;
				CLANG_WARN_DOCUMENTATION_COMMENTS = YES;
				CLANG_WARN_EMPTY_BODY = YES;
				CLANG_WARN_ENUM_CONVERSION = YES;
				CLANG_WARN_INFINITE_RECURSION = YES;
				CLANG_WARN_INT_CONVERSION = YES;
				CLANG_WARN_NON_LITERAL_NULL_CONVERSION = YES;
				CLANG_WARN_OBJC_IMPLICIT_RETAIN_SELF = YES;
				CLANG_WARN_OBJC_LITERAL_CONVERSION = YES;
				CLANG_WARN_OBJC_ROOT_CLASS = YES_ERROR;
				CLANG_WARN_RANGE_LOOP_ANALYSIS = YES;
				CLANG_WARN_STRICT_PROTOTYPES = YES;
				CLANG_WARN_SUSPICIOUS_MOVE = YES;
				CLANG_WARN_UNGUARDED_AVAILABILITY = YES_AGGRESSIVE;
				CLANG_WARN_UNREACHABLE_CODE = YES;
				CLANG_WARN__DUPLICATE_METHOD_MATCH = YES;
				CODE_SIGN_IDENTITY = "iPhone Developer";
				COPY_PHASE_STRIP = NO;
				DEBUG_INFORMATION_FORMAT = dwarf;
				ENABLE_STRICT_OBJC_MSGSEND = YES;
				ENABLE_TESTABILITY = YES;
				GCC_C_LANGUAGE_STANDARD = gnu11;
				GCC_DYNAMIC_NO_PIC = NO;
				GCC_NO_COMMON_BLOCKS = YES;
				GCC_OPTIMIZATION_LEVEL = 0;
				GCC_PREPROCESSOR_DEFINITIONS = (
					"DEBUG=1",
					"$(inherited)",
				);
				GCC_WARN_64_TO_32_BIT_CONVERSION = YES;
				GCC_WARN_ABOUT_RETURN_TYPE = YES_ERROR;
				GCC_WARN_UNDECLARED_SELECTOR = YES;
				GCC_WARN_UNINITIALIZED_AUTOS = YES_AGGRESSIVE;
				GCC_WARN_UNUSED_FUNCTION = YES;
				GCC_WARN_UNUSED_VARIABLE = YES;
				IPHONEOS_DEPLOYMENT_TARGET = 12.2;
				MTL_ENABLE_DEBUG_INFO = INCLUDE_SOURCE;
				MTL_FAST_MATH = YES;
				ONLY_ACTIVE_ARCH = YES;
				SDKROOT = iphoneos;
				SWIFT_ACTIVE_COMPILATION_CONDITIONS = DEBUG;
				SWIFT_OPTIMIZATION_LEVEL = "-Onone";
			};
			name = Debug;
		};
		04CD313522BA74AD004FADDB /* Release */ = {
			isa = XCBuildConfiguration;
			buildSettings = {
				ALWAYS_SEARCH_USER_PATHS = NO;
				CLANG_ANALYZER_NONNULL = YES;
				CLANG_ANALYZER_NUMBER_OBJECT_CONVERSION = YES_AGGRESSIVE;
				CLANG_CXX_LANGUAGE_STANDARD = "gnu++14";
				CLANG_CXX_LIBRARY = "libc++";
				CLANG_ENABLE_MODULES = YES;
				CLANG_ENABLE_OBJC_ARC = YES;
				CLANG_ENABLE_OBJC_WEAK = YES;
				CLANG_WARN_BLOCK_CAPTURE_AUTORELEASING = YES;
				CLANG_WARN_BOOL_CONVERSION = YES;
				CLANG_WARN_COMMA = YES;
				CLANG_WARN_CONSTANT_CONVERSION = YES;
				CLANG_WARN_DEPRECATED_OBJC_IMPLEMENTATIONS = YES;
				CLANG_WARN_DIRECT_OBJC_ISA_USAGE = YES_ERROR;
				CLANG_WARN_DOCUMENTATION_COMMENTS = YES;
				CLANG_WARN_EMPTY_BODY = YES;
				CLANG_WARN_ENUM_CONVERSION = YES;
				CLANG_WARN_INFINITE_RECURSION = YES;
				CLANG_WARN_INT_CONVERSION = YES;
				CLANG_WARN_NON_LITERAL_NULL_CONVERSION = YES;
				CLANG_WARN_OBJC_IMPLICIT_RETAIN_SELF = YES;
				CLANG_WARN_OBJC_LITERAL_CONVERSION = YES;
				CLANG_WARN_OBJC_ROOT_CLASS = YES_ERROR;
				CLANG_WARN_RANGE_LOOP_ANALYSIS = YES;
				CLANG_WARN_STRICT_PROTOTYPES = YES;
				CLANG_WARN_SUSPICIOUS_MOVE = YES;
				CLANG_WARN_UNGUARDED_AVAILABILITY = YES_AGGRESSIVE;
				CLANG_WARN_UNREACHABLE_CODE = YES;
				CLANG_WARN__DUPLICATE_METHOD_MATCH = YES;
				CODE_SIGN_IDENTITY = "iPhone Developer";
				COPY_PHASE_STRIP = NO;
				DEBUG_INFORMATION_FORMAT = "dwarf-with-dsym";
				ENABLE_NS_ASSERTIONS = NO;
				ENABLE_STRICT_OBJC_MSGSEND = YES;
				GCC_C_LANGUAGE_STANDARD = gnu11;
				GCC_NO_COMMON_BLOCKS = YES;
				GCC_WARN_64_TO_32_BIT_CONVERSION = YES;
				GCC_WARN_ABOUT_RETURN_TYPE = YES_ERROR;
				GCC_WARN_UNDECLARED_SELECTOR = YES;
				GCC_WARN_UNINITIALIZED_AUTOS = YES_AGGRESSIVE;
				GCC_WARN_UNUSED_FUNCTION = YES;
				GCC_WARN_UNUSED_VARIABLE = YES;
				IPHONEOS_DEPLOYMENT_TARGET = 12.2;
				MTL_ENABLE_DEBUG_INFO = NO;
				MTL_FAST_MATH = YES;
				SDKROOT = iphoneos;
				SWIFT_COMPILATION_MODE = wholemodule;
				SWIFT_OPTIMIZATION_LEVEL = "-O";
				VALIDATE_PRODUCT = YES;
			};
			name = Release;
		};
		04CD313722BA74AD004FADDB /* Debug */ = {
			isa = XCBuildConfiguration;
			buildSettings = {
				ASSETCATALOG_COMPILER_APPICON_NAME = AppIcon;
				CODE_SIGN_STYLE = Automatic;
				INFOPLIST_FILE = "Demo pushNotification/Info.plist";
				LD_RUNPATH_SEARCH_PATHS = (
					"$(inherited)",
					"@executable_path/Frameworks",
				);
				PRODUCT_BUNDLE_IDENTIFIER = "Anhvu.Demo-pushNotification";
				PRODUCT_NAME = "$(TARGET_NAME)";
				SWIFT_VERSION = 5.0;
				TARGETED_DEVICE_FAMILY = "1,2";
			};
			name = Debug;
		};
		04CD313822BA74AD004FADDB /* Release */ = {
			isa = XCBuildConfiguration;
			buildSettings = {
				ASSETCATALOG_COMPILER_APPICON_NAME = AppIcon;
				CODE_SIGN_STYLE = Automatic;
				INFOPLIST_FILE = "Demo pushNotification/Info.plist";
				LD_RUNPATH_SEARCH_PATHS = (
					"$(inherited)",
					"@executable_path/Frameworks",
				);
				PRODUCT_BUNDLE_IDENTIFIER = "Anhvu.Demo-pushNotification";
				PRODUCT_NAME = "$(TARGET_NAME)";
				SWIFT_VERSION = 5.0;
				TARGETED_DEVICE_FAMILY = "1,2";
			};
			name = Release;
		};
/* End XCBuildConfiguration section */

/* Begin XCConfigurationList section */
		04CD311F22BA74AC004FADDB /* Build configuration list for PBXProject "Demo pushNotification" */ = {
			isa = XCConfigurationList;
			buildConfigurations = (
				04CD313422BA74AD004FADDB /* Debug */,
				04CD313522BA74AD004FADDB /* Release */,
			);
			defaultConfigurationIsVisible = 0;
			defaultConfigurationName = Release;
		};
		04CD313622BA74AD004FADDB /* Build configuration list for PBXNativeTarget "Demo pushNotification" */ = {
			isa = XCConfigurationList;
			buildConfigurations = (
				04CD313722BA74AD004FADDB /* Debug */,
				04CD313822BA74AD004FADDB /* Release */,
			);
			defaultConfigurationIsVisible = 0;
			defaultConfigurationName = Release;
		};
/* End XCConfigurationList section */
	};
	rootObject = 04CD311C22BA74AC004FADDB /* Project object */;
}
